{
    "_readme": [
        "This file locks the dependencies of your project to a known state",
        "Read more about it at http://getcomposer.org/doc/01-basic-usage.md#composer-lock-the-lock-file",
        "This file is @generated automatically"
    ],
    "hash": "64f12fdb22cfcdcdfba05d52da1f4d12",
    "packages": [
        {
            "name": "holgerk/jiggle",
            "version": "v1.0.5",
            "source": {
                "type": "git",
                "url": "https://github.com/holgerk/php-jiggle.git",
                "reference": "2959db80baefcf53e31504d238a3993d07a8fb1a"
            },
            "dist": {
                "type": "zip",
                "url": "https://api.github.com/repos/holgerk/php-jiggle/zipball/2959db80baefcf53e31504d238a3993d07a8fb1a",
                "reference": "2959db80baefcf53e31504d238a3993d07a8fb1a",
                "shasum": ""
            },
            "require": {
                "php": ">=5.3.0"
            },
            "type": "library",
            "autoload": {
                "psr-0": {
                    "Jiggle": "src/"
                }
            },
            "notification-url": "https://packagist.org/downloads/",
            "license": [
                "MIT"
            ],
            "time": "2013-11-16 20:20:50"
        }
    ],
    "packages-dev": [
        {
            "name": "holgerk/simple-mock",
            "version": "v2.0.1",
            "source": {
                "type": "git",
                "url": "https://github.com/holgerk/php-simple-mock.git",
                "reference": "da69d04641cf33715733a2c04833a24415969d2f"
            },
            "dist": {
                "type": "zip",
                "url": "https://api.github.com/repos/holgerk/php-simple-mock/zipball/da69d04641cf33715733a2c04833a24415969d2f",
                "reference": "da69d04641cf33715733a2c04833a24415969d2f",
                "shasum": ""
            },
            "require": {
                "php": ">=5.3.0"
            },
            "type": "library",
            "autoload": {
                "psr-0": {
                    "SimpleMock_": "src/"
                }
            },
            "notification-url": "https://packagist.org/downloads/",
            "license": [
                "MIT"
            ],
            "time": "2013-10-29 17:52:58"
        }
    ],
    "aliases": [

    ],
    "minimum-stability": "stable",
    "stability-flags": [

    ],
    "platform": {
        "php": ">=5.3.0"
    },
    "platform-dev": [

    ]
}
