{
    "_readme": [
        "This file locks the dependencies of your project to a known state",
        "Read more about it at http://getcomposer.org/doc/01-basic-usage.md#composer-lock-the-lock-file"
    ],
    "hash": "8b668b67709c4f31b3c986b924fb758e",
    "packages": [
        {
            "name": "holgerk/jiggle",
            "version": "dev-master",
            "source": {
                "type": "git",
                "url": "https://github.com/holgerk/php-jiggle.git",
                "reference": "8b4f31f2876ddd28596f014c53981a87536cfff9"
            },
            "dist": {
                "type": "zip",
                "url": "https://api.github.com/repos/holgerk/php-jiggle/zipball/8b4f31f2876ddd28596f014c53981a87536cfff9",
                "reference": "8b4f31f2876ddd28596f014c53981a87536cfff9",
                "shasum": ""
            },
            "require": {
                "php": ">=5.3.0"
            },
            "type": "library",
            "autoload": {
                "psr-0": {
                    "Jiggle": "src/"
                }
            },
            "notification-url": "https://packagist.org/downloads/",
            "license": [
                "MIT"
            ],
            "time": "2013-11-15 20:00:56"
        }
    ],
    "packages-dev": [
        {
            "name": "holgerk/simple-mock",
            "version": "v2.0.1",
            "source": {
                "type": "git",
                "url": "https://github.com/holgerk/php-simple-mock.git",
                "reference": "da69d04641cf33715733a2c04833a24415969d2f"
            },
            "dist": {
                "type": "zip",
                "url": "https://api.github.com/repos/holgerk/php-simple-mock/zipball/da69d04641cf33715733a2c04833a24415969d2f",
                "reference": "da69d04641cf33715733a2c04833a24415969d2f",
                "shasum": ""
            },
            "require": {
                "php": ">=5.3.0"
            },
            "type": "library",
            "autoload": {
                "psr-0": {
                    "SimpleMock_": "src/"
                }
            },
            "notification-url": "https://packagist.org/downloads/",
            "license": [
                "MIT"
            ],
            "time": "2013-10-29 17:52:58"
        }
    ],
    "aliases": [

    ],
    "minimum-stability": "stable",
    "stability-flags": {
        "holgerk/jiggle": 20
    },
    "platform": {
        "php": ">=5.3.0"
    },
    "platform-dev": [

    ]
}
